
Microsoft Visual Studio Solution File, Format Version 12.00
# Visual Studio 2012
Project("{FAE04EC0-301F-11D3-BF4B-00C04F79EFBC}") = "Sweet.Formula.Core", "Sweet.Formula.Core\Sweet.Formula.Core.csproj", "{7EEC6F97-E9B0-4029-AF1D-019501AF886C}"
EndProject
Project("{FAE04EC0-301F-11D3-BF4B-00C04F79EFBC}") = "Sweet.Formula.Core.Tests", "Sweet.Formula.Core.Tests\Sweet.Formula.Core.Tests.csproj", "{1B8F96AA-FFCC-43E5-988A-B827B566C745}"
EndProject
Project("{FAE04EC0-301F-11D3-BF4B-00C04F79EFBC}") = "Sweet.Formula.Cli", "Sweet.Formula.Cli\Sweet.Formula.Cli.csproj", "{811464CC-498B-431A-BD4C-CBF0C92ADDE9}"
EndProject
Global
	GlobalSection(SolutionConfigurationPlatforms) = preSolution
		Debug|Any CPU = Debug|Any CPU
		Release|Any CPU = Release|Any CPU
	EndGlobalSection
	GlobalSection(ProjectConfigurationPlatforms) = postSolution
		{7EEC6F97-E9B0-4029-AF1D-019501AF886C}.Debug|Any CPU.ActiveCfg = Debug|Any CPU
		{7EEC6F97-E9B0-4029-AF1D-019501AF886C}.Debug|Any CPU.Build.0 = Debug|Any CPU
		{7EEC6F97-E9B0-4029-AF1D-019501AF886C}.Release|Any CPU.ActiveCfg = Release|Any CPU
		{7EEC6F97-E9B0-4029-AF1D-019501AF886C}.Release|Any CPU.Build.0 = Release|Any CPU
		{1B8F96AA-FFCC-43E5-988A-B827B566C745}.Debug|Any CPU.ActiveCfg = Debug|Any CPU
		{1B8F96AA-FFCC-43E5-988A-B827B566C745}.Debug|Any CPU.Build.0 = Debug|Any CPU
		{1B8F96AA-FFCC-43E5-988A-B827B566C745}.Release|Any CPU.ActiveCfg = Release|Any CPU
		{1B8F96AA-FFCC-43E5-988A-B827B566C745}.Release|Any CPU.Build.0 = Release|Any CPU
		{811464CC-498B-431A-BD4C-CBF0C92ADDE9}.Debug|Any CPU.ActiveCfg = Debug|Any CPU
		{811464CC-498B-431A-BD4C-CBF0C92ADDE9}.Debug|Any CPU.Build.0 = Debug|Any CPU
		{811464CC-498B-431A-BD4C-CBF0C92ADDE9}.Release|Any CPU.ActiveCfg = Release|Any CPU
		{811464CC-498B-431A-BD4C-CBF0C92ADDE9}.Release|Any CPU.Build.0 = Release|Any CPU
	EndGlobalSection
	GlobalSection(SolutionProperties) = preSolution
		HideSolutionNode = FALSE
	EndGlobalSection
EndGlobal
